{
  "requires": true,
  "lockfileVersion": 1,
  "dependencies": {
    "object-hash": {
      "version": "1.3.1",
      "resolved": "https://registry.npmjs.org/object-hash/-/object-hash-1.3.1.tgz",
      "integrity": "sha512-OSuu/pU4ENM9kmREg0BdNrUDIl1heYa4mBZacJc+vVWz4GtAwu7jO8s4AIt2aGRUTqxykpWzI3Oqnsm13tTMDA=="
    },
    "serverless-aws-documentation": {
      "version": "1.1.0",
      "resolved": "https://registry.npmjs.org/serverless-aws-documentation/-/serverless-aws-documentation-1.1.0.tgz",
      "integrity": "sha512-b2iM1eZIWxQjAa6RNnARq+iXgiffbtSmKnZUh7l8KOkaD/BapqfOkKKi6MGxp3KxQFkW31sVsAiqJ0NQSSyXOw==",
      "requires": {
        "object-hash": "^1.1.7"
      }
    },
    "serverless-reqvalidator-plugin": {
      "version": "1.0.3",
      "resolved": "https://registry.npmjs.org/serverless-reqvalidator-plugin/-/serverless-reqvalidator-plugin-1.0.3.tgz",
      "integrity": "sha512-OCGeF2w+LF5ITeWbhK7773j5s5dfM1+Qd92mUC9LAePRSSlxR+dS9wMEzzeOs3sdSeh/b28xRIkNFhFizGnB6Q=="
    }
  }
}
